
Microsoft Visual Studio Solution File, Format Version 12.00
# Visual Studio 15
VisualStudioVersion = 15.0.27130.2010
MinimumVisualStudioVersion = 10.0.40219.1
Project("{9A19103F-16F7-4668-BE54-9A1E7A4F7556}") = "MCS.PFS", "MCS.PFS\MCS.PFS\MCS.PFS.csproj", "{C7D2BA6D-9124-4C7A-997F-B2DB3D721531}"
EndProject
Project("{FAE04EC0-301F-11D3-BF4B-00C04F79EFBC}") = "MCS.PFS.Android", "MCS.PFS\MCS.PFS.Android\MCS.PFS.Android.csproj", "{A2A4C875-0B78-4C4F-9CF5-0021109769FD}"
EndProject
Project("{FAE04EC0-301F-11D3-BF4B-00C04F79EFBC}") = "MCS.PFS.iOS", "MCS.PFS\MCS.PFS.iOS\MCS.PFS.iOS.csproj", "{5895E60B-A07E-482D-AEAB-4B4AD2BC75A8}"
EndProject
Project("{FAE04EC0-301F-11D3-BF4B-00C04F79EFBC}") = "MCS.PFS.UWP", "MCS.PFS\MCS.PFS.UWP\MCS.PFS.UWP.csproj", "{9DCF709F-A4C5-4C8A-A0F3-1AEA867BA036}"
EndProject
Project("{2150E333-8FDC-42A3-9474-1A3956D46DE8}") = "Modules", "Modules", "{AE0EE496-B152-4EE1-8F10-B4226436FA88}"
EndProject
Project("{FAE04EC0-301F-11D3-BF4B-00C04F79EFBC}") = "UsingModules.SampleModule", "UsingModules.SampleModule\UsingModules.SampleModule.csproj", "{0FE18523-7B60-497F-B9E0-79E35686A5E3}"
EndProject
Global
	GlobalSection(SolutionConfigurationPlatforms) = preSolution
		Ad-Hoc|Any CPU = Ad-Hoc|Any CPU
		Ad-Hoc|ARM = Ad-Hoc|ARM
		Ad-Hoc|iPhone = Ad-Hoc|iPhone
		Ad-Hoc|iPhoneSimulator = Ad-Hoc|iPhoneSimulator
		Ad-Hoc|x64 = Ad-Hoc|x64
		Ad-Hoc|x86 = Ad-Hoc|x86
		AppStore|Any CPU = AppStore|Any CPU
		AppStore|ARM = AppStore|ARM
		AppStore|iPhone = AppStore|iPhone
		AppStore|iPhoneSimulator = AppStore|iPhoneSimulator
		AppStore|x64 = AppStore|x64
		AppStore|x86 = AppStore|x86
		Debug|Any CPU = Debug|Any CPU
		Debug|ARM = Debug|ARM
		Debug|iPhone = Debug|iPhone
		Debug|iPhoneSimulator = Debug|iPhoneSimulator
		Debug|x64 = Debug|x64
		Debug|x86 = Debug|x86
		Release|Any CPU = Release|Any CPU
		Release|ARM = Release|ARM
		Release|iPhone = Release|iPhone
		Release|iPhoneSimulator = Release|iPhoneSimulator
		Release|x64 = Release|x64
		Release|x86 = Release|x86
	EndGlobalSection
	GlobalSection(ProjectConfigurationPlatforms) = postSolution
		{C7D2BA6D-9124-4C7A-997F-B2DB3D721531}.Ad-Hoc|Any CPU.ActiveCfg = Debug|Any CPU
		{C7D2BA6D-9124-4C7A-997F-B2DB3D721531}.Ad-Hoc|Any CPU.Build.0 = Debug|Any CPU
		{C7D2BA6D-9124-4C7A-997F-B2DB3D721531}.Ad-Hoc|ARM.ActiveCfg = Debug|Any CPU
		{C7D2BA6D-9124-4C7A-997F-B2DB3D721531}.Ad-Hoc|ARM.Build.0 = Debug|Any CPU
		{C7D2BA6D-9124-4C7A-997F-B2DB3D721531}.Ad-Hoc|iPhone.ActiveCfg = Debug|Any CPU
		{C7D2BA6D-9124-4C7A-997F-B2DB3D721531}.Ad-Hoc|iPhone.Build.0 = Debug|Any CPU
		{C7D2BA6D-9124-4C7A-997F-B2DB3D721531}.Ad-Hoc|iPhoneSimulator.ActiveCfg = Debug|Any CPU
		{C7D2BA6D-9124-4C7A-997F-B2DB3D721531}.Ad-Hoc|iPhoneSimulator.Build.0 = Debug|Any CPU
		{C7D2BA6D-9124-4C7A-997F-B2DB3D721531}.Ad-Hoc|x64.ActiveCfg = Debug|Any CPU
		{C7D2BA6D-9124-4C7A-997F-B2DB3D721531}.Ad-Hoc|x64.Build.0 = Debug|Any CPU
		{C7D2BA6D-9124-4C7A-997F-B2DB3D721531}.Ad-Hoc|x86.ActiveCfg = Debug|Any CPU
		{C7D2BA6D-9124-4C7A-997F-B2DB3D721531}.Ad-Hoc|x86.Build.0 = Debug|Any CPU
		{C7D2BA6D-9124-4C7A-997F-B2DB3D721531}.AppStore|Any CPU.ActiveCfg = Debug|Any CPU
		{C7D2BA6D-9124-4C7A-997F-B2DB3D721531}.AppStore|Any CPU.Build.0 = Debug|Any CPU
		{C7D2BA6D-9124-4C7A-997F-B2DB3D721531}.AppStore|ARM.ActiveCfg = Debug|Any CPU
		{C7D2BA6D-9124-4C7A-997F-B2DB3D721531}.AppStore|ARM.Build.0 = Debug|Any CPU
		{C7D2BA6D-9124-4C7A-997F-B2DB3D721531}.AppStore|iPhone.ActiveCfg = Debug|Any CPU
		{C7D2BA6D-9124-4C7A-997F-B2DB3D721531}.AppStore|iPhone.Build.0 = Debug|Any CPU
		{C7D2BA6D-9124-4C7A-997F-B2DB3D721531}.AppStore|iPhoneSimulator.ActiveCfg = Debug|Any CPU
		{C7D2BA6D-9124-4C7A-997F-B2DB3D721531}.AppStore|iPhoneSimulator.Build.0 = Debug|Any CPU
		{C7D2BA6D-9124-4C7A-997F-B2DB3D721531}.AppStore|x64.ActiveCfg = Debug|Any CPU
		{C7D2BA6D-9124-4C7A-997F-B2DB3D721531}.AppStore|x64.Build.0 = Debug|Any CPU
		{C7D2BA6D-9124-4C7A-997F-B2DB3D721531}.AppStore|x86.ActiveCfg = Debug|Any CPU
		{C7D2BA6D-9124-4C7A-997F-B2DB3D721531}.AppStore|x86.Build.0 = Debug|Any CPU
		{C7D2BA6D-9124-4C7A-997F-B2DB3D721531}.Debug|Any CPU.ActiveCfg = Debug|Any CPU
		{C7D2BA6D-9124-4C7A-997F-B2DB3D721531}.Debug|Any CPU.Build.0 = Debug|Any CPU
		{C7D2BA6D-9124-4C7A-997F-B2DB3D721531}.Debug|ARM.ActiveCfg = Debug|Any CPU
		{C7D2BA6D-9124-4C7A-997F-B2DB3D721531}.Debug|ARM.Build.0 = Debug|Any CPU
		{C7D2BA6D-9124-4C7A-997F-B2DB3D721531}.Debug|iPhone.ActiveCfg = Debug|Any CPU
		{C7D2BA6D-9124-4C7A-997F-B2DB3D721531}.Debug|iPhone.Build.0 = Debug|Any CPU
		{C7D2BA6D-9124-4C7A-997F-B2DB3D721531}.Debug|iPhoneSimulator.ActiveCfg = Debug|Any CPU
		{C7D2BA6D-9124-4C7A-997F-B2DB3D721531}.Debug|iPhoneSimulator.Build.0 = Debug|Any CPU
		{C7D2BA6D-9124-4C7A-997F-B2DB3D721531}.Debug|x64.ActiveCfg = Debug|Any CPU
		{C7D2BA6D-9124-4C7A-997F-B2DB3D721531}.Debug|x64.Build.0 = Debug|Any CPU
		{C7D2BA6D-9124-4C7A-997F-B2DB3D721531}.Debug|x86.ActiveCfg = Debug|Any CPU
		{C7D2BA6D-9124-4C7A-997F-B2DB3D721531}.Debug|x86.Build.0 = Debug|Any CPU
		{C7D2BA6D-9124-4C7A-997F-B2DB3D721531}.Release|Any CPU.ActiveCfg = Release|Any CPU
		{C7D2BA6D-9124-4C7A-997F-B2DB3D721531}.Release|Any CPU.Build.0 = Release|Any CPU
		{C7D2BA6D-9124-4C7A-997F-B2DB3D721531}.Release|ARM.ActiveCfg = Release|Any CPU
		{C7D2BA6D-9124-4C7A-997F-B2DB3D721531}.Release|ARM.Build.0 = Release|Any CPU
		{C7D2BA6D-9124-4C7A-997F-B2DB3D721531}.Release|iPhone.ActiveCfg = Release|Any CPU
		{C7D2BA6D-9124-4C7A-997F-B2DB3D721531}.Release|iPhone.Build.0 = Release|Any CPU
		{C7D2BA6D-9124-4C7A-997F-B2DB3D721531}.Release|iPhoneSimulator.ActiveCfg = Release|Any CPU
		{C7D2BA6D-9124-4C7A-997F-B2DB3D721531}.Release|iPhoneSimulator.Build.0 = Release|Any CPU
		{C7D2BA6D-9124-4C7A-997F-B2DB3D721531}.Release|x64.ActiveCfg = Release|Any CPU
		{C7D2BA6D-9124-4C7A-997F-B2DB3D721531}.Release|x64.Build.0 = Release|Any CPU
		{C7D2BA6D-9124-4C7A-997F-B2DB3D721531}.Release|x86.ActiveCfg = Release|Any CPU
		{C7D2BA6D-9124-4C7A-997F-B2DB3D721531}.Release|x86.Build.0 = Release|Any CPU
		{A2A4C875-0B78-4C4F-9CF5-0021109769FD}.Ad-Hoc|Any CPU.ActiveCfg = Release|Any CPU
		{A2A4C875-0B78-4C4F-9CF5-0021109769FD}.Ad-Hoc|Any CPU.Build.0 = Release|Any CPU
		{A2A4C875-0B78-4C4F-9CF5-0021109769FD}.Ad-Hoc|Any CPU.Deploy.0 = Release|Any CPU
		{A2A4C875-0B78-4C4F-9CF5-0021109769FD}.Ad-Hoc|ARM.ActiveCfg = Release|Any CPU
		{A2A4C875-0B78-4C4F-9CF5-0021109769FD}.Ad-Hoc|ARM.Build.0 = Release|Any CPU
		{A2A4C875-0B78-4C4F-9CF5-0021109769FD}.Ad-Hoc|ARM.Deploy.0 = Release|Any CPU
		{A2A4C875-0B78-4C4F-9CF5-0021109769FD}.Ad-Hoc|iPhone.ActiveCfg = Release|Any CPU
		{A2A4C875-0B78-4C4F-9CF5-0021109769FD}.Ad-Hoc|iPhone.Build.0 = Release|Any CPU
		{A2A4C875-0B78-4C4F-9CF5-0021109769FD}.Ad-Hoc|iPhone.Deploy.0 = Release|Any CPU
		{A2A4C875-0B78-4C4F-9CF5-0021109769FD}.Ad-Hoc|iPhoneSimulator.ActiveCfg = Release|Any CPU
		{A2A4C875-0B78-4C4F-9CF5-0021109769FD}.Ad-Hoc|iPhoneSimulator.Build.0 = Release|Any CPU
		{A2A4C875-0B78-4C4F-9CF5-0021109769FD}.Ad-Hoc|iPhoneSimulator.Deploy.0 = Release|Any CPU
		{A2A4C875-0B78-4C4F-9CF5-0021109769FD}.Ad-Hoc|x64.ActiveCfg = Release|Any CPU
		{A2A4C875-0B78-4C4F-9CF5-0021109769FD}.Ad-Hoc|x64.Build.0 = Release|Any CPU
		{A2A4C875-0B78-4C4F-9CF5-0021109769FD}.Ad-Hoc|x64.Deploy.0 = Release|Any CPU
		{A2A4C875-0B78-4C4F-9CF5-0021109769FD}.Ad-Hoc|x86.ActiveCfg = Release|Any CPU
		{A2A4C875-0B78-4C4F-9CF5-0021109769FD}.Ad-Hoc|x86.Build.0 = Release|Any CPU
		{A2A4C875-0B78-4C4F-9CF5-0021109769FD}.Ad-Hoc|x86.Deploy.0 = Release|Any CPU
		{A2A4C875-0B78-4C4F-9CF5-0021109769FD}.AppStore|Any CPU.ActiveCfg = Release|Any CPU
		{A2A4C875-0B78-4C4F-9CF5-0021109769FD}.AppStore|Any CPU.Build.0 = Release|Any CPU
		{A2A4C875-0B78-4C4F-9CF5-0021109769FD}.AppStore|Any CPU.Deploy.0 = Release|Any CPU
		{A2A4C875-0B78-4C4F-9CF5-0021109769FD}.AppStore|ARM.ActiveCfg = Release|Any CPU
		{A2A4C875-0B78-4C4F-9CF5-0021109769FD}.AppStore|ARM.Build.0 = Release|Any CPU
		{A2A4C875-0B78-4C4F-9CF5-0021109769FD}.AppStore|ARM.Deploy.0 = Release|Any CPU
		{A2A4C875-0B78-4C4F-9CF5-0021109769FD}.AppStore|iPhone.ActiveCfg = Release|Any CPU
		{A2A4C875-0B78-4C4F-9CF5-0021109769FD}.AppStore|iPhone.Build.0 = Release|Any CPU
		{A2A4C875-0B78-4C4F-9CF5-0021109769FD}.AppStore|iPhone.Deploy.0 = Release|Any CPU
		{A2A4C875-0B78-4C4F-9CF5-0021109769FD}.AppStore|iPhoneSimulator.ActiveCfg = Release|Any CPU
		{A2A4C875-0B78-4C4F-9CF5-0021109769FD}.AppStore|iPhoneSimulator.Build.0 = Release|Any CPU
		{A2A4C875-0B78-4C4F-9CF5-0021109769FD}.AppStore|iPhoneSimulator.Deploy.0 = Release|Any CPU
		{A2A4C875-0B78-4C4F-9CF5-0021109769FD}.AppStore|x64.ActiveCfg = Release|Any CPU
		{A2A4C875-0B78-4C4F-9CF5-0021109769FD}.AppStore|x64.Build.0 = Release|Any CPU
		{A2A4C875-0B78-4C4F-9CF5-0021109769FD}.AppStore|x64.Deploy.0 = Release|Any CPU
		{A2A4C875-0B78-4C4F-9CF5-0021109769FD}.AppStore|x86.ActiveCfg = Release|Any CPU
		{A2A4C875-0B78-4C4F-9CF5-0021109769FD}.AppStore|x86.Build.0 = Release|Any CPU
		{A2A4C875-0B78-4C4F-9CF5-0021109769FD}.AppStore|x86.Deploy.0 = Release|Any CPU
		{A2A4C875-0B78-4C4F-9CF5-0021109769FD}.Debug|Any CPU.ActiveCfg = Debug|Any CPU
		{A2A4C875-0B78-4C4F-9CF5-0021109769FD}.Debug|Any CPU.Build.0 = Debug|Any CPU
		{A2A4C875-0B78-4C4F-9CF5-0021109769FD}.Debug|Any CPU.Deploy.0 = Debug|Any CPU
		{A2A4C875-0B78-4C4F-9CF5-0021109769FD}.Debug|ARM.ActiveCfg = Debug|Any CPU
		{A2A4C875-0B78-4C4F-9CF5-0021109769FD}.Debug|ARM.Build.0 = Debug|Any CPU
		{A2A4C875-0B78-4C4F-9CF5-0021109769FD}.Debug|ARM.Deploy.0 = Debug|Any CPU
		{A2A4C875-0B78-4C4F-9CF5-0021109769FD}.Debug|iPhone.ActiveCfg = Debug|Any CPU
		{A2A4C875-0B78-4C4F-9CF5-0021109769FD}.Debug|iPhone.Build.0 = Debug|Any CPU
		{A2A4C875-0B78-4C4F-9CF5-0021109769FD}.Debug|iPhone.Deploy.0 = Debug|Any CPU
		{A2A4C875-0B78-4C4F-9CF5-0021109769FD}.Debug|iPhoneSimulator.ActiveCfg = Debug|Any CPU
		{A2A4C875-0B78-4C4F-9CF5-0021109769FD}.Debug|iPhoneSimulator.Build.0 = Debug|Any CPU
		{A2A4C875-0B78-4C4F-9CF5-0021109769FD}.Debug|iPhoneSimulator.Deploy.0 = Debug|Any CPU
		{A2A4C875-0B78-4C4F-9CF5-0021109769FD}.Debug|x64.ActiveCfg = Debug|Any CPU
		{A2A4C875-0B78-4C4F-9CF5-0021109769FD}.Debug|x64.Build.0 = Debug|Any CPU
		{A2A4C875-0B78-4C4F-9CF5-0021109769FD}.Debug|x64.Deploy.0 = Debug|Any CPU
		{A2A4C875-0B78-4C4F-9CF5-0021109769FD}.Debug|x86.ActiveCfg = Debug|Any CPU
		{A2A4C875-0B78-4C4F-9CF5-0021109769FD}.Debug|x86.Build.0 = Debug|Any CPU
		{A2A4C875-0B78-4C4F-9CF5-0021109769FD}.Debug|x86.Deploy.0 = Debug|Any CPU
		{A2A4C875-0B78-4C4F-9CF5-0021109769FD}.Release|Any CPU.ActiveCfg = Release|Any CPU
		{A2A4C875-0B78-4C4F-9CF5-0021109769FD}.Release|Any CPU.Build.0 = Release|Any CPU
		{A2A4C875-0B78-4C4F-9CF5-0021109769FD}.Release|Any CPU.Deploy.0 = Release|Any CPU
		{A2A4C875-0B78-4C4F-9CF5-0021109769FD}.Release|ARM.ActiveCfg = Release|Any CPU
		{A2A4C875-0B78-4C4F-9CF5-0021109769FD}.Release|ARM.Build.0 = Release|Any CPU
		{A2A4C875-0B78-4C4F-9CF5-0021109769FD}.Release|ARM.Deploy.0 = Release|Any CPU
		{A2A4C875-0B78-4C4F-9CF5-0021109769FD}.Release|iPhone.ActiveCfg = Release|Any CPU
		{A2A4C875-0B78-4C4F-9CF5-0021109769FD}.Release|iPhone.Build.0 = Release|Any CPU
		{A2A4C875-0B78-4C4F-9CF5-0021109769FD}.Release|iPhone.Deploy.0 = Release|Any CPU
		{A2A4C875-0B78-4C4F-9CF5-0021109769FD}.Release|iPhoneSimulator.ActiveCfg = Release|Any CPU
		{A2A4C875-0B78-4C4F-9CF5-0021109769FD}.Release|iPhoneSimulator.Build.0 = Release|Any CPU
		{A2A4C875-0B78-4C4F-9CF5-0021109769FD}.Release|iPhoneSimulator.Deploy.0 = Release|Any CPU
		{A2A4C875-0B78-4C4F-9CF5-0021109769FD}.Release|x64.ActiveCfg = Release|Any CPU
		{A2A4C875-0B78-4C4F-9CF5-0021109769FD}.Release|x64.Build.0 = Release|Any CPU
		{A2A4C875-0B78-4C4F-9CF5-0021109769FD}.Release|x64.Deploy.0 = Release|Any CPU
		{A2A4C875-0B78-4C4F-9CF5-0021109769FD}.Release|x86.ActiveCfg = Release|Any CPU
		{A2A4C875-0B78-4C4F-9CF5-0021109769FD}.Release|x86.Build.0 = Release|Any CPU
		{A2A4C875-0B78-4C4F-9CF5-0021109769FD}.Release|x86.Deploy.0 = Release|Any CPU
		{5895E60B-A07E-482D-AEAB-4B4AD2BC75A8}.Ad-Hoc|Any CPU.ActiveCfg = Ad-Hoc|iPhone
		{5895E60B-A07E-482D-AEAB-4B4AD2BC75A8}.Ad-Hoc|ARM.ActiveCfg = Ad-Hoc|iPhone
		{5895E60B-A07E-482D-AEAB-4B4AD2BC75A8}.Ad-Hoc|iPhone.ActiveCfg = Ad-Hoc|iPhone
		{5895E60B-A07E-482D-AEAB-4B4AD2BC75A8}.Ad-Hoc|iPhone.Build.0 = Ad-Hoc|iPhone
		{5895E60B-A07E-482D-AEAB-4B4AD2BC75A8}.Ad-Hoc|iPhoneSimulator.ActiveCfg = Ad-Hoc|iPhoneSimulator
		{5895E60B-A07E-482D-AEAB-4B4AD2BC75A8}.Ad-Hoc|iPhoneSimulator.Build.0 = Ad-Hoc|iPhoneSimulator
		{5895E60B-A07E-482D-AEAB-4B4AD2BC75A8}.Ad-Hoc|x64.ActiveCfg = Ad-Hoc|iPhone
		{5895E60B-A07E-482D-AEAB-4B4AD2BC75A8}.Ad-Hoc|x86.ActiveCfg = Ad-Hoc|iPhone
		{5895E60B-A07E-482D-AEAB-4B4AD2BC75A8}.AppStore|Any CPU.ActiveCfg = AppStore|iPhone
		{5895E60B-A07E-482D-AEAB-4B4AD2BC75A8}.AppStore|ARM.ActiveCfg = AppStore|iPhone
		{5895E60B-A07E-482D-AEAB-4B4AD2BC75A8}.AppStore|iPhone.ActiveCfg = AppStore|iPhone
		{5895E60B-A07E-482D-AEAB-4B4AD2BC75A8}.AppStore|iPhone.Build.0 = AppStore|iPhone
		{5895E60B-A07E-482D-AEAB-4B4AD2BC75A8}.AppStore|iPhoneSimulator.ActiveCfg = AppStore|iPhoneSimulator
		{5895E60B-A07E-482D-AEAB-4B4AD2BC75A8}.AppStore|iPhoneSimulator.Build.0 = AppStore|iPhoneSimulator
		{5895E60B-A07E-482D-AEAB-4B4AD2BC75A8}.AppStore|x64.ActiveCfg = AppStore|iPhone
		{5895E60B-A07E-482D-AEAB-4B4AD2BC75A8}.AppStore|x86.ActiveCfg = AppStore|iPhone
		{5895E60B-A07E-482D-AEAB-4B4AD2BC75A8}.Debug|Any CPU.ActiveCfg = Debug|iPhone
		{5895E60B-A07E-482D-AEAB-4B4AD2BC75A8}.Debug|ARM.ActiveCfg = Debug|iPhone
		{5895E60B-A07E-482D-AEAB-4B4AD2BC75A8}.Debug|iPhone.ActiveCfg = Debug|iPhone
		{5895E60B-A07E-482D-AEAB-4B4AD2BC75A8}.Debug|iPhone.Build.0 = Debug|iPhone
		{5895E60B-A07E-482D-AEAB-4B4AD2BC75A8}.Debug|iPhoneSimulator.ActiveCfg = Debug|iPhoneSimulator
		{5895E60B-A07E-482D-AEAB-4B4AD2BC75A8}.Debug|iPhoneSimulator.Build.0 = Debug|iPhoneSimulator
		{5895E60B-A07E-482D-AEAB-4B4AD2BC75A8}.Debug|x64.ActiveCfg = Debug|iPhone
		{5895E60B-A07E-482D-AEAB-4B4AD2BC75A8}.Debug|x86.ActiveCfg = Debug|iPhone
		{5895E60B-A07E-482D-AEAB-4B4AD2BC75A8}.Release|Any CPU.ActiveCfg = Release|iPhone
		{5895E60B-A07E-482D-AEAB-4B4AD2BC75A8}.Release|ARM.ActiveCfg = Release|iPhone
		{5895E60B-A07E-482D-AEAB-4B4AD2BC75A8}.Release|iPhone.ActiveCfg = Release|iPhone
		{5895E60B-A07E-482D-AEAB-4B4AD2BC75A8}.Release|iPhone.Build.0 = Release|iPhone
		{5895E60B-A07E-482D-AEAB-4B4AD2BC75A8}.Release|iPhoneSimulator.ActiveCfg = Release|iPhoneSimulator
		{5895E60B-A07E-482D-AEAB-4B4AD2BC75A8}.Release|iPhoneSimulator.Build.0 = Release|iPhoneSimulator
		{5895E60B-A07E-482D-AEAB-4B4AD2BC75A8}.Release|x64.ActiveCfg = Release|iPhone
		{5895E60B-A07E-482D-AEAB-4B4AD2BC75A8}.Release|x86.ActiveCfg = Release|iPhone
		{9DCF709F-A4C5-4C8A-A0F3-1AEA867BA036}.Ad-Hoc|Any CPU.ActiveCfg = Release|x86
		{9DCF709F-A4C5-4C8A-A0F3-1AEA867BA036}.Ad-Hoc|Any CPU.Build.0 = Release|x86
		{9DCF709F-A4C5-4C8A-A0F3-1AEA867BA036}.Ad-Hoc|Any CPU.Deploy.0 = Release|x86
		{9DCF709F-A4C5-4C8A-A0F3-1AEA867BA036}.Ad-Hoc|ARM.ActiveCfg = Release|ARM
		{9DCF709F-A4C5-4C8A-A0F3-1AEA867BA036}.Ad-Hoc|ARM.Build.0 = Release|ARM
		{9DCF709F-A4C5-4C8A-A0F3-1AEA867BA036}.Ad-Hoc|ARM.Deploy.0 = Release|ARM
		{9DCF709F-A4C5-4C8A-A0F3-1AEA867BA036}.Ad-Hoc|iPhone.ActiveCfg = Release|x86
		{9DCF709F-A4C5-4C8A-A0F3-1AEA867BA036}.Ad-Hoc|iPhone.Build.0 = Release|x86
		{9DCF709F-A4C5-4C8A-A0F3-1AEA867BA036}.Ad-Hoc|iPhone.Deploy.0 = Release|x86
		{9DCF709F-A4C5-4C8A-A0F3-1AEA867BA036}.Ad-Hoc|iPhoneSimulator.ActiveCfg = Release|x86
		{9DCF709F-A4C5-4C8A-A0F3-1AEA867BA036}.Ad-Hoc|iPhoneSimulator.Build.0 = Release|x86
		{9DCF709F-A4C5-4C8A-A0F3-1AEA867BA036}.Ad-Hoc|iPhoneSimulator.Deploy.0 = Release|x86
		{9DCF709F-A4C5-4C8A-A0F3-1AEA867BA036}.Ad-Hoc|x64.ActiveCfg = Release|x64
		{9DCF709F-A4C5-4C8A-A0F3-1AEA867BA036}.Ad-Hoc|x64.Build.0 = Release|x64
		{9DCF709F-A4C5-4C8A-A0F3-1AEA867BA036}.Ad-Hoc|x64.Deploy.0 = Release|x64
		{9DCF709F-A4C5-4C8A-A0F3-1AEA867BA036}.Ad-Hoc|x86.ActiveCfg = Release|x86
		{9DCF709F-A4C5-4C8A-A0F3-1AEA867BA036}.Ad-Hoc|x86.Build.0 = Release|x86
		{9DCF709F-A4C5-4C8A-A0F3-1AEA867BA036}.Ad-Hoc|x86.Deploy.0 = Release|x86
		{9DCF709F-A4C5-4C8A-A0F3-1AEA867BA036}.AppStore|Any CPU.ActiveCfg = Release|x86
		{9DCF709F-A4C5-4C8A-A0F3-1AEA867BA036}.AppStore|Any CPU.Build.0 = Release|x86
		{9DCF709F-A4C5-4C8A-A0F3-1AEA867BA036}.AppStore|Any CPU.Deploy.0 = Release|x86
		{9DCF709F-A4C5-4C8A-A0F3-1AEA867BA036}.AppStore|ARM.ActiveCfg = Release|ARM
		{9DCF709F-A4C5-4C8A-A0F3-1AEA867BA036}.AppStore|ARM.Build.0 = Release|ARM
		{9DCF709F-A4C5-4C8A-A0F3-1AEA867BA036}.AppStore|ARM.Deploy.0 = Release|ARM
		{9DCF709F-A4C5-4C8A-A0F3-1AEA867BA036}.AppStore|iPhone.ActiveCfg = Release|x86
		{9DCF709F-A4C5-4C8A-A0F3-1AEA867BA036}.AppStore|iPhone.Build.0 = Release|x86
		{9DCF709F-A4C5-4C8A-A0F3-1AEA867BA036}.AppStore|iPhone.Deploy.0 = Release|x86
		{9DCF709F-A4C5-4C8A-A0F3-1AEA867BA036}.AppStore|iPhoneSimulator.ActiveCfg = Release|x86
		{9DCF709F-A4C5-4C8A-A0F3-1AEA867BA036}.AppStore|iPhoneSimulator.Build.0 = Release|x86
		{9DCF709F-A4C5-4C8A-A0F3-1AEA867BA036}.AppStore|iPhoneSimulator.Deploy.0 = Release|x86
		{9DCF709F-A4C5-4C8A-A0F3-1AEA867BA036}.AppStore|x64.ActiveCfg = Release|x64
		{9DCF709F-A4C5-4C8A-A0F3-1AEA867BA036}.AppStore|x64.Build.0 = Release|x64
		{9DCF709F-A4C5-4C8A-A0F3-1AEA867BA036}.AppStore|x64.Deploy.0 = Release|x64
		{9DCF709F-A4C5-4C8A-A0F3-1AEA867BA036}.AppStore|x86.ActiveCfg = Release|x86
		{9DCF709F-A4C5-4C8A-A0F3-1AEA867BA036}.AppStore|x86.Build.0 = Release|x86
		{9DCF709F-A4C5-4C8A-A0F3-1AEA867BA036}.AppStore|x86.Deploy.0 = Release|x86
		{9DCF709F-A4C5-4C8A-A0F3-1AEA867BA036}.Debug|Any CPU.ActiveCfg = Debug|x86
		{9DCF709F-A4C5-4C8A-A0F3-1AEA867BA036}.Debug|ARM.ActiveCfg = Debug|ARM
		{9DCF709F-A4C5-4C8A-A0F3-1AEA867BA036}.Debug|ARM.Build.0 = Debug|ARM
		{9DCF709F-A4C5-4C8A-A0F3-1AEA867BA036}.Debug|ARM.Deploy.0 = Debug|ARM
		{9DCF709F-A4C5-4C8A-A0F3-1AEA867BA036}.Debug|iPhone.ActiveCfg = Debug|x86
		{9DCF709F-A4C5-4C8A-A0F3-1AEA867BA036}.Debug|iPhoneSimulator.ActiveCfg = Debug|x86
		{9DCF709F-A4C5-4C8A-A0F3-1AEA867BA036}.Debug|x64.ActiveCfg = Debug|x64
		{9DCF709F-A4C5-4C8A-A0F3-1AEA867BA036}.Debug|x64.Build.0 = Debug|x64
		{9DCF709F-A4C5-4C8A-A0F3-1AEA867BA036}.Debug|x64.Deploy.0 = Debug|x64
		{9DCF709F-A4C5-4C8A-A0F3-1AEA867BA036}.Debug|x86.ActiveCfg = Debug|x86
		{9DCF709F-A4C5-4C8A-A0F3-1AEA867BA036}.Debug|x86.Build.0 = Debug|x86
		{9DCF709F-A4C5-4C8A-A0F3-1AEA867BA036}.Debug|x86.Deploy.0 = Debug|x86
		{9DCF709F-A4C5-4C8A-A0F3-1AEA867BA036}.Release|Any CPU.ActiveCfg = Release|x86
		{9DCF709F-A4C5-4C8A-A0F3-1AEA867BA036}.Release|ARM.ActiveCfg = Release|ARM
		{9DCF709F-A4C5-4C8A-A0F3-1AEA867BA036}.Release|ARM.Build.0 = Release|ARM
		{9DCF709F-A4C5-4C8A-A0F3-1AEA867BA036}.Release|ARM.Deploy.0 = Release|ARM
		{9DCF709F-A4C5-4C8A-A0F3-1AEA867BA036}.Release|iPhone.ActiveCfg = Release|x86
		{9DCF709F-A4C5-4C8A-A0F3-1AEA867BA036}.Release|iPhoneSimulator.ActiveCfg = Release|x86
		{9DCF709F-A4C5-4C8A-A0F3-1AEA867BA036}.Release|x64.ActiveCfg = Release|x64
		{9DCF709F-A4C5-4C8A-A0F3-1AEA867BA036}.Release|x64.Build.0 = Release|x64
		{9DCF709F-A4C5-4C8A-A0F3-1AEA867BA036}.Release|x64.Deploy.0 = Release|x64
		{9DCF709F-A4C5-4C8A-A0F3-1AEA867BA036}.Release|x86.ActiveCfg = Release|x86
		{9DCF709F-A4C5-4C8A-A0F3-1AEA867BA036}.Release|x86.Build.0 = Release|x86
		{9DCF709F-A4C5-4C8A-A0F3-1AEA867BA036}.Release|x86.Deploy.0 = Release|x86
		{0FE18523-7B60-497F-B9E0-79E35686A5E3}.Ad-Hoc|Any CPU.ActiveCfg = Debug|Any CPU
		{0FE18523-7B60-497F-B9E0-79E35686A5E3}.Ad-Hoc|Any CPU.Build.0 = Debug|Any CPU
		{0FE18523-7B60-497F-B9E0-79E35686A5E3}.Ad-Hoc|ARM.ActiveCfg = Debug|Any CPU
		{0FE18523-7B60-497F-B9E0-79E35686A5E3}.Ad-Hoc|ARM.Build.0 = Debug|Any CPU
		{0FE18523-7B60-497F-B9E0-79E35686A5E3}.Ad-Hoc|iPhone.ActiveCfg = Debug|Any CPU
		{0FE18523-7B60-497F-B9E0-79E35686A5E3}.Ad-Hoc|iPhone.Build.0 = Debug|Any CPU
		{0FE18523-7B60-497F-B9E0-79E35686A5E3}.Ad-Hoc|iPhoneSimulator.ActiveCfg = Debug|Any CPU
		{0FE18523-7B60-497F-B9E0-79E35686A5E3}.Ad-Hoc|iPhoneSimulator.Build.0 = Debug|Any CPU
		{0FE18523-7B60-497F-B9E0-79E35686A5E3}.Ad-Hoc|x64.ActiveCfg = Debug|Any CPU
		{0FE18523-7B60-497F-B9E0-79E35686A5E3}.Ad-Hoc|x64.Build.0 = Debug|Any CPU
		{0FE18523-7B60-497F-B9E0-79E35686A5E3}.Ad-Hoc|x86.ActiveCfg = Debug|Any CPU
		{0FE18523-7B60-497F-B9E0-79E35686A5E3}.Ad-Hoc|x86.Build.0 = Debug|Any CPU
		{0FE18523-7B60-497F-B9E0-79E35686A5E3}.AppStore|Any CPU.ActiveCfg = Debug|Any CPU
		{0FE18523-7B60-497F-B9E0-79E35686A5E3}.AppStore|Any CPU.Build.0 = Debug|Any CPU
		{0FE18523-7B60-497F-B9E0-79E35686A5E3}.AppStore|ARM.ActiveCfg = Debug|Any CPU
		{0FE18523-7B60-497F-B9E0-79E35686A5E3}.AppStore|ARM.Build.0 = Debug|Any CPU
		{0FE18523-7B60-497F-B9E0-79E35686A5E3}.AppStore|iPhone.ActiveCfg = Debug|Any CPU
		{0FE18523-7B60-497F-B9E0-79E35686A5E3}.AppStore|iPhone.Build.0 = Debug|Any CPU
		{0FE18523-7B60-497F-B9E0-79E35686A5E3}.AppStore|iPhoneSimulator.ActiveCfg = Debug|Any CPU
		{0FE18523-7B60-497F-B9E0-79E35686A5E3}.AppStore|iPhoneSimulator.Build.0 = Debug|Any CPU
		{0FE18523-7B60-497F-B9E0-79E35686A5E3}.AppStore|x64.ActiveCfg = Debug|Any CPU
		{0FE18523-7B60-497F-B9E0-79E35686A5E3}.AppStore|x64.Build.0 = Debug|Any CPU
		{0FE18523-7B60-497F-B9E0-79E35686A5E3}.AppStore|x86.ActiveCfg = Debug|Any CPU
		{0FE18523-7B60-497F-B9E0-79E35686A5E3}.AppStore|x86.Build.0 = Debug|Any CPU
		{0FE18523-7B60-497F-B9E0-79E35686A5E3}.Debug|Any CPU.ActiveCfg = Debug|Any CPU
		{0FE18523-7B60-497F-B9E0-79E35686A5E3}.Debug|Any CPU.Build.0 = Debug|Any CPU
		{0FE18523-7B60-497F-B9E0-79E35686A5E3}.Debug|ARM.ActiveCfg = Debug|Any CPU
		{0FE18523-7B60-497F-B9E0-79E35686A5E3}.Debug|ARM.Build.0 = Debug|Any CPU
		{0FE18523-7B60-497F-B9E0-79E35686A5E3}.Debug|iPhone.ActiveCfg = Debug|Any CPU
		{0FE18523-7B60-497F-B9E0-79E35686A5E3}.Debug|iPhone.Build.0 = Debug|Any CPU
		{0FE18523-7B60-497F-B9E0-79E35686A5E3}.Debug|iPhoneSimulator.ActiveCfg = Debug|Any CPU
		{0FE18523-7B60-497F-B9E0-79E35686A5E3}.Debug|iPhoneSimulator.Build.0 = Debug|Any CPU
		{0FE18523-7B60-497F-B9E0-79E35686A5E3}.Debug|x64.ActiveCfg = Debug|Any CPU
		{0FE18523-7B60-497F-B9E0-79E35686A5E3}.Debug|x64.Build.0 = Debug|Any CPU
		{0FE18523-7B60-497F-B9E0-79E35686A5E3}.Debug|x86.ActiveCfg = Debug|Any CPU
		{0FE18523-7B60-497F-B9E0-79E35686A5E3}.Debug|x86.Build.0 = Debug|Any CPU
		{0FE18523-7B60-497F-B9E0-79E35686A5E3}.Release|Any CPU.ActiveCfg = Release|Any CPU
		{0FE18523-7B60-497F-B9E0-79E35686A5E3}.Release|Any CPU.Build.0 = Release|Any CPU
		{0FE18523-7B60-497F-B9E0-79E35686A5E3}.Release|ARM.ActiveCfg = Release|Any CPU
		{0FE18523-7B60-497F-B9E0-79E35686A5E3}.Release|ARM.Build.0 = Release|Any CPU
		{0FE18523-7B60-497F-B9E0-79E35686A5E3}.Release|iPhone.ActiveCfg = Release|Any CPU
		{0FE18523-7B60-497F-B9E0-79E35686A5E3}.Release|iPhone.Build.0 = Release|Any CPU
		{0FE18523-7B60-497F-B9E0-79E35686A5E3}.Release|iPhoneSimulator.ActiveCfg = Release|Any CPU
		{0FE18523-7B60-497F-B9E0-79E35686A5E3}.Release|iPhoneSimulator.Build.0 = Release|Any CPU
		{0FE18523-7B60-497F-B9E0-79E35686A5E3}.Release|x64.ActiveCfg = Release|Any CPU
		{0FE18523-7B60-497F-B9E0-79E35686A5E3}.Release|x64.Build.0 = Release|Any CPU
		{0FE18523-7B60-497F-B9E0-79E35686A5E3}.Release|x86.ActiveCfg = Release|Any CPU
		{0FE18523-7B60-497F-B9E0-79E35686A5E3}.Release|x86.Build.0 = Release|Any CPU
	EndGlobalSection
	GlobalSection(SolutionProperties) = preSolution
		HideSolutionNode = FALSE
	EndGlobalSection
	GlobalSection(NestedProjects) = preSolution
		{0FE18523-7B60-497F-B9E0-79E35686A5E3} = {AE0EE496-B152-4EE1-8F10-B4226436FA88}
	EndGlobalSection
	GlobalSection(ExtensibilityGlobals) = postSolution
		SolutionGuid = {D50D40E9-B443-4278-83C6-4A23760D056E}
	EndGlobalSection
EndGlobal
